# This file was autogenerated by Stack.
# You should not edit this file by hand.
# For more information, please see the documentation at:
#   https://docs.haskellstack.org/en/stable/lock_files

packages:
- completed:
    size: 503572
    url: https://github.com/hengchu/compdata/archive/ff87b9b7e59b906d9f09512d25bd975987aed6b4.tar.gz
    name: compdata
    version: '0.12'
    sha256: 06f39bb93852ce8418d27cc04ec91008ab569bc97c9e380c4a1bf0e1a9f180c9
    pantry-tree:
      size: 10208
      sha256: 792063380232bb1ae9ea700e4235194e6fba3a0b741cd3611d8c114366d91a5d
  original:
    url: https://github.com/hengchu/compdata/archive/ff87b9b7e59b906d9f09512d25bd975987aed6b4.tar.gz
- completed:
    hackage: tree-view-0.5@sha256:85fbc67b53c1ef47f020a69051e6a29b27481698fe802cd2ed8ab0108aa69a38,1231
    pantry-tree:
      size: 215
      sha256: d9a18211606d72c340943d0a23fc119e94561f81fa4be118764c8288d259aeff
  original:
    hackage: tree-view-0.5@sha256:85fbc67b53c1ef47f020a69051e6a29b27481698fe802cd2ed8ab0108aa69a38,1231
- completed:
    size: 43963
    url: https://github.com/hengchu/compdata-param/archive/a04b283c4b01125fd60797831d8102f3ad73be3e.tar.gz
    name: compdata-param
    version: 0.9.2
    sha256: 3bfd68d31bc81817f337de3f88835bb9380127e3fcd6b3a4a37cdc35d28011d1
    pantry-tree:
      size: 4890
      sha256: 948492f6866645ca4d191bbe2c5236ef988492bb4c38f6dcb88b5f49d937aa41
  original:
    url: https://github.com/hengchu/compdata-param/archive/a04b283c4b01125fd60797831d8102f3ad73be3e.tar.gz
snapshots:
- completed:
    size: 532172
    url: https://raw.githubusercontent.com/commercialhaskell/stackage-snapshots/master/lts/16/18.yaml
    sha256: 4f2a092c6f4869854e8d7435ab98ce5157c641022c3cbfc4c4614ff3db752e62
  original: lts-16.18
