# This file was autogenerated by Stack.
# You should not edit this file by hand.
# For more information, please see the documentation at:
#   https://docs.haskellstack.org/en/stable/lock_files

packages:
- completed:
    size: 503572
    url: https://github.com/hengchu/compdata/archive/ff87b9b7e59b906d9f09512d25bd975987aed6b4.tar.gz
    name: compdata
    version: '0.12'
    sha256: 06f39bb93852ce8418d27cc04ec91008ab569bc97c9e380c4a1bf0e1a9f180c9
    pantry-tree:
      size: 10208
      sha256: 792063380232bb1ae9ea700e4235194e6fba3a0b741cd3611d8c114366d91a5d
  original:
    url: https://github.com/hengchu/compdata/archive/ff87b9b7e59b906d9f09512d25bd975987aed6b4.tar.gz
- completed:
    hackage: tree-view-0.5@sha256:85fbc67b53c1ef47f020a69051e6a29b27481698fe802cd2ed8ab0108aa69a38,1231
    pantry-tree:
      size: 215
      sha256: d9a18211606d72c340943d0a23fc119e94561f81fa4be118764c8288d259aeff
  original:
    hackage: tree-view-0.5@sha256:85fbc67b53c1ef47f020a69051e6a29b27481698fe802cd2ed8ab0108aa69a38,1231
- completed:
    size: 43963
    url: https://github.com/hengchu/compdata-param/archive/a04b283c4b01125fd60797831d8102f3ad73be3e.tar.gz
    name: compdata-param
    version: 0.9.2
    sha256: 3bfd68d31bc81817f337de3f88835bb9380127e3fcd6b3a4a37cdc35d28011d1
    pantry-tree:
      size: 4890
      sha256: 948492f6866645ca4d191bbe2c5236ef988492bb4c38f6dcb88b5f49d937aa41
  original:
    url: https://github.com/hengchu/compdata-param/archive/a04b283c4b01125fd60797831d8102f3ad73be3e.tar.gz
- completed:
    hackage: optics-0.3@sha256:5f62fca47b01ce065bb999724b8cdd45e747537892ee00faeac4b4b20d821aee,6494
    pantry-tree:
      size: 1077
      sha256: 20d41262ffcb59bf63801c9529d639b9a1037be7cc0a812e2379007f151ff463
  original:
    hackage: optics-0.3@sha256:5f62fca47b01ce065bb999724b8cdd45e747537892ee00faeac4b4b20d821aee,6494
- completed:
    hackage: optics-core-0.3.0.1@sha256:50845a47810eb5a5f03dfa9bb1edd8a577fc7ca1702ba4bde68b235f7cb44528,4536
    pantry-tree:
      size: 5031
      sha256: ead4e60c3784aca387744b9afbb2e35d17a9c237595a0aa04e2ecc072789ca63
  original:
    hackage: optics-core-0.3.0.1@sha256:50845a47810eb5a5f03dfa9bb1edd8a577fc7ca1702ba4bde68b235f7cb44528,4536
- completed:
    hackage: optics-extra-0.3@sha256:b1b9917596a4305069aa95eaf3083afe88c6db3c84ed6f52e926c82d0c56eea9,3382
    pantry-tree:
      size: 1809
      sha256: 1f5bed915d1696d2f217e494f9e2d70929f33d6a9647996c3fa6c36f4f189c9d
  original:
    hackage: optics-extra-0.3@sha256:b1b9917596a4305069aa95eaf3083afe88c6db3c84ed6f52e926c82d0c56eea9,3382
- completed:
    hackage: optics-th-0.3.0.2@sha256:e786f290c237a3236eda8814957da882227c05ed063d865d4ab1af08d638244f,2038
    pantry-tree:
      size: 740
      sha256: 42d7f4a1872cd72a3d2a5462abc1e6d5036545a886cd5f1116c6d5e89938c032
  original:
    hackage: optics-th-0.3.0.2@sha256:e786f290c237a3236eda8814957da882227c05ed063d865d4ab1af08d638244f,2038
- completed:
    hackage: z3-408.2@sha256:1f8b6ccbcc6d06a6701900a09fcfcbaf86ed8a8495615710bef4da5cdb073a3f,4226
    pantry-tree:
      size: 1476
      sha256: e8562391054f4e07035ab25e1c7ecfba687a46e15aefee4c588b6434dc0b93d8
  original:
    hackage: z3-408.2@sha256:1f8b6ccbcc6d06a6701900a09fcfcbaf86ed8a8495615710bef4da5cdb073a3f,4226
snapshots:
- completed:
    size: 532172
    url: https://raw.githubusercontent.com/commercialhaskell/stackage-snapshots/master/lts/16/18.yaml
    sha256: 4f2a092c6f4869854e8d7435ab98ce5157c641022c3cbfc4c4614ff3db752e62
  original: lts-16.18
